
Microsoft Visual Studio Solution File, Format Version 12.00
# Visual Studio Version 16
VisualStudioVersion = 16.0.31129.286
MinimumVisualStudioVersion = 10.0.40219.1
Project("{FAE04EC0-301F-11D3-BF4B-00C04F79EFBC}") = "snake", "snake\snake.csproj", "{19739B34-C8DC-4EFC-AB4B-04E28FB71C53}"
EndProject
Global
	GlobalSection(SolutionConfigurationPlatforms) = preSolution
		Debug|Any CPU = Debug|Any CPU
		Release|Any CPU = Release|Any CPU
	EndGlobalSection
	GlobalSection(ProjectConfigurationPlatforms) = postSolution
		{19739B34-C8DC-4EFC-AB4B-04E28FB71C53}.Debug|Any CPU.ActiveCfg = Debug|Any CPU
		{19739B34-C8DC-4EFC-AB4B-04E28FB71C53}.Debug|Any CPU.Build.0 = Debug|Any CPU
		{19739B34-C8DC-4EFC-AB4B-04E28FB71C53}.Release|Any CPU.ActiveCfg = Release|Any CPU
		{19739B34-C8DC-4EFC-AB4B-04E28FB71C53}.Release|Any CPU.Build.0 = Release|Any CPU
	EndGlobalSection
	GlobalSection(SolutionProperties) = preSolution
		HideSolutionNode = FALSE
	EndGlobalSection
	GlobalSection(ExtensibilityGlobals) = postSolution
		SolutionGuid = {725DB951-D5A9-4355-BBDE-2BF22A823416}
	EndGlobalSection
EndGlobal
